# THIS IS AN AUTOGENERATED FILE. DO NOT EDIT THIS FILE DIRECTLY.
# yarn lockfile v1


rails-ujs@^5.2.4:
  version "5.2.4"
  resolved "https://registry.yarnpkg.com/rails-ujs/-/rails-ujs-5.2.4.tgz#31056ccd62d868f7d044395f31d77a4440550ceb"
  integrity sha512-Mzu6bnTBKn4IuJvP7BDJRy4lzvR1zMWVDeTdPwDubXBfxpFEKqwOi5Nb6tfE2SYtTd+bb3PRETf40I94jgKw3w==
